
Microsoft Visual Studio Solution File, Format Version 12.00
# Visual Studio Version 17
VisualStudioVersion = 17.13.35818.85 d17.13
MinimumVisualStudioVersion = 10.0.40219.1
Project("{8BC9CEB8-8B4A-11D0-8D11-00A0C91BC942}") = "c-life-time", "c-life-time\c-life-time.vcxproj", "{25909AB8-0D89-45CE-8A36-5A4379F1816C}"
EndProject
Global
	GlobalSection(SolutionConfigurationPlatforms) = preSolution
		Debug|x64 = Debug|x64
		Debug|x86 = Debug|x86
		Release|x64 = Release|x64
		Release|x86 = Release|x86
	EndGlobalSection
	GlobalSection(ProjectConfigurationPlatforms) = postSolution
		{25909AB8-0D89-45CE-8A36-5A4379F1816C}.Debug|x64.ActiveCfg = Debug|x64
		{25909AB8-0D89-45CE-8A36-5A4379F1816C}.Debug|x64.Build.0 = Debug|x64
		{25909AB8-0D89-45CE-8A36-5A4379F1816C}.Debug|x86.ActiveCfg = Debug|Win32
		{25909AB8-0D89-45CE-8A36-5A4379F1816C}.Debug|x86.Build.0 = Debug|Win32
		{25909AB8-0D89-45CE-8A36-5A4379F1816C}.Release|x64.ActiveCfg = Release|x64
		{25909AB8-0D89-45CE-8A36-5A4379F1816C}.Release|x64.Build.0 = Release|x64
		{25909AB8-0D89-45CE-8A36-5A4379F1816C}.Release|x86.ActiveCfg = Release|Win32
		{25909AB8-0D89-45CE-8A36-5A4379F1816C}.Release|x86.Build.0 = Release|Win32
	EndGlobalSection
	GlobalSection(SolutionProperties) = preSolution
		HideSolutionNode = FALSE
	EndGlobalSection
	GlobalSection(ExtensibilityGlobals) = postSolution
		SolutionGuid = {F38E9372-A44E-4243-BAA5-CD67763D33F7}
	EndGlobalSection
EndGlobal
